PODS:
  - MCToast (0.2.1)
  - SnapKit (5.7.1)

DEPENDENCIES:
  - MCToast (from `../`)
  - SnapKit

SPEC REPOS:
  https://github.com/CocoaPods/Specs.git:
    - SnapKit

EXTERNAL SOURCES:
  MCToast:
    :path: "../"

SPEC CHECKSUMS:
  MCToast: 69674df810351fa6958e00480b19909be9ed23a4
  SnapKit: d612e99e678a2d3b95bf60b0705ed0a35c03484a

PODFILE CHECKSUM: a82c4d9d5237e1578df0f9162bd82646bfd74ecc

COCOAPODS: 1.15.2
